
Microsoft Visual Studio Solution File, Format Version 12.00
# Visual Studio Version 16
VisualStudioVersion = 16.0.30225.117
MinimumVisualStudioVersion = 10.0.40219.1
Project("{FAE04EC0-301F-11D3-BF4B-00C04F79EFBC}") = "University Manager", "University Manager\University Manager.csproj", "{0648BF3D-127A-4696-B6C1-E61E12753D72}"
EndProject
Global
	GlobalSection(SolutionConfigurationPlatforms) = preSolution
		Debug|Any CPU = Debug|Any CPU
		Release|Any CPU = Release|Any CPU
	EndGlobalSection
	GlobalSection(ProjectConfigurationPlatforms) = postSolution
		{0648BF3D-127A-4696-B6C1-E61E12753D72}.Debug|Any CPU.ActiveCfg = Debug|Any CPU
		{0648BF3D-127A-4696-B6C1-E61E12753D72}.Debug|Any CPU.Build.0 = Debug|Any CPU
		{0648BF3D-127A-4696-B6C1-E61E12753D72}.Release|Any CPU.ActiveCfg = Release|Any CPU
		{0648BF3D-127A-4696-B6C1-E61E12753D72}.Release|Any CPU.Build.0 = Release|Any CPU
	EndGlobalSection
	GlobalSection(SolutionProperties) = preSolution
		HideSolutionNode = FALSE
	EndGlobalSection
	GlobalSection(ExtensibilityGlobals) = postSolution
		SolutionGuid = {FC1B5B34-FAB8-44EF-BE57-BB161F3BDBE8}
	EndGlobalSection
EndGlobal
