
Microsoft Visual Studio Solution File, Format Version 12.00
# Visual Studio Version 16
VisualStudioVersion = 16.0.30225.117
MinimumVisualStudioVersion = 10.0.40219.1
Project("{FAE04EC0-301F-11D3-BF4B-00C04F79EFBC}") = "pg.272 lambda", "pg.272 lambda\pg.272 lambda.csproj", "{DC4E149B-E149-407A-81FB-1AD292E8EFBA}"
EndProject
Global
	GlobalSection(SolutionConfigurationPlatforms) = preSolution
		Debug|Any CPU = Debug|Any CPU
		Release|Any CPU = Release|Any CPU
	EndGlobalSection
	GlobalSection(ProjectConfigurationPlatforms) = postSolution
		{DC4E149B-E149-407A-81FB-1AD292E8EFBA}.Debug|Any CPU.ActiveCfg = Debug|Any CPU
		{DC4E149B-E149-407A-81FB-1AD292E8EFBA}.Debug|Any CPU.Build.0 = Debug|Any CPU
		{DC4E149B-E149-407A-81FB-1AD292E8EFBA}.Release|Any CPU.ActiveCfg = Release|Any CPU
		{DC4E149B-E149-407A-81FB-1AD292E8EFBA}.Release|Any CPU.Build.0 = Release|Any CPU
	EndGlobalSection
	GlobalSection(SolutionProperties) = preSolution
		HideSolutionNode = FALSE
	EndGlobalSection
	GlobalSection(ExtensibilityGlobals) = postSolution
		SolutionGuid = {744B805A-867C-4C16-AD29-0F3E8485EEA8}
	EndGlobalSection
EndGlobal
