
Microsoft Visual Studio Solution File, Format Version 12.00
# Visual Studio Version 16
VisualStudioVersion = 16.0.30225.117
MinimumVisualStudioVersion = 10.0.40219.1
Project("{FAE04EC0-301F-11D3-BF4B-00C04F79EFBC}") = "FirstTimeprac", "FirstTimeprac\FirstTimeprac.csproj", "{8CDC3C53-DAEF-4F27-856F-489596F038E4}"
EndProject
Global
	GlobalSection(SolutionConfigurationPlatforms) = preSolution
		Debug|Any CPU = Debug|Any CPU
		Release|Any CPU = Release|Any CPU
	EndGlobalSection
	GlobalSection(ProjectConfigurationPlatforms) = postSolution
		{8CDC3C53-DAEF-4F27-856F-489596F038E4}.Debug|Any CPU.ActiveCfg = Debug|Any CPU
		{8CDC3C53-DAEF-4F27-856F-489596F038E4}.Debug|Any CPU.Build.0 = Debug|Any CPU
		{8CDC3C53-DAEF-4F27-856F-489596F038E4}.Release|Any CPU.ActiveCfg = Release|Any CPU
		{8CDC3C53-DAEF-4F27-856F-489596F038E4}.Release|Any CPU.Build.0 = Release|Any CPU
	EndGlobalSection
	GlobalSection(SolutionProperties) = preSolution
		HideSolutionNode = FALSE
	EndGlobalSection
	GlobalSection(ExtensibilityGlobals) = postSolution
		SolutionGuid = {5CA7C807-7329-40FC-994C-A19E59A25DFE}
	EndGlobalSection
EndGlobal
