
Microsoft Visual Studio Solution File, Format Version 12.00
# Visual Studio Version 16
VisualStudioVersion = 16.0.31025.194
MinimumVisualStudioVersion = 10.0.40219.1
Project("{FAE04EC0-301F-11D3-BF4B-00C04F79EFBC}") = "CustomerOrderViewer", "CustomerOrderViewer\CustomerOrderViewer.csproj", "{C07EA32D-393C-4147-A569-6FA801CE78CC}"
EndProject
Global
	GlobalSection(SolutionConfigurationPlatforms) = preSolution
		Debug|Any CPU = Debug|Any CPU
		Release|Any CPU = Release|Any CPU
	EndGlobalSection
	GlobalSection(ProjectConfigurationPlatforms) = postSolution
		{C07EA32D-393C-4147-A569-6FA801CE78CC}.Debug|Any CPU.ActiveCfg = Debug|Any CPU
		{C07EA32D-393C-4147-A569-6FA801CE78CC}.Debug|Any CPU.Build.0 = Debug|Any CPU
		{C07EA32D-393C-4147-A569-6FA801CE78CC}.Release|Any CPU.ActiveCfg = Release|Any CPU
		{C07EA32D-393C-4147-A569-6FA801CE78CC}.Release|Any CPU.Build.0 = Release|Any CPU
	EndGlobalSection
	GlobalSection(SolutionProperties) = preSolution
		HideSolutionNode = FALSE
	EndGlobalSection
	GlobalSection(ExtensibilityGlobals) = postSolution
		SolutionGuid = {C0B7F244-B670-44D2-9A05-C5F33DB5AD0C}
	EndGlobalSection
EndGlobal
