
Microsoft Visual Studio Solution File, Format Version 12.00
# Visual Studio Version 16
VisualStudioVersion = 16.0.31729.503
MinimumVisualStudioVersion = 10.0.40219.1
Project("{FAE04EC0-301F-11D3-BF4B-00C04F79EFBC}") = "L08HandsOn", "L08HandsOn\L08HandsOn.csproj", "{BF90E890-D611-4C89-8138-AA0A600D1456}"
EndProject
Global
	GlobalSection(SolutionConfigurationPlatforms) = preSolution
		Debug|Any CPU = Debug|Any CPU
		Release|Any CPU = Release|Any CPU
	EndGlobalSection
	GlobalSection(ProjectConfigurationPlatforms) = postSolution
		{BF90E890-D611-4C89-8138-AA0A600D1456}.Debug|Any CPU.ActiveCfg = Debug|Any CPU
		{BF90E890-D611-4C89-8138-AA0A600D1456}.Debug|Any CPU.Build.0 = Debug|Any CPU
		{BF90E890-D611-4C89-8138-AA0A600D1456}.Release|Any CPU.ActiveCfg = Release|Any CPU
		{BF90E890-D611-4C89-8138-AA0A600D1456}.Release|Any CPU.Build.0 = Release|Any CPU
	EndGlobalSection
	GlobalSection(SolutionProperties) = preSolution
		HideSolutionNode = FALSE
	EndGlobalSection
	GlobalSection(ExtensibilityGlobals) = postSolution
		SolutionGuid = {969BAD06-0875-4563-876A-AEC7EF0BE7FE}
	EndGlobalSection
EndGlobal
