
Microsoft Visual Studio Solution File, Format Version 12.00
# Visual Studio Version 16
VisualStudioVersion = 16.0.30225.117
MinimumVisualStudioVersion = 10.0.40219.1
Project("{FAE04EC0-301F-11D3-BF4B-00C04F79EFBC}") = "branchassignment", "branchassignment\branchassignment.csproj", "{F64539FA-9201-4E92-B55F-BDDE25538330}"
EndProject
Global
	GlobalSection(SolutionConfigurationPlatforms) = preSolution
		Debug|Any CPU = Debug|Any CPU
		Release|Any CPU = Release|Any CPU
	EndGlobalSection
	GlobalSection(ProjectConfigurationPlatforms) = postSolution
		{F64539FA-9201-4E92-B55F-BDDE25538330}.Debug|Any CPU.ActiveCfg = Debug|Any CPU
		{F64539FA-9201-4E92-B55F-BDDE25538330}.Debug|Any CPU.Build.0 = Debug|Any CPU
		{F64539FA-9201-4E92-B55F-BDDE25538330}.Release|Any CPU.ActiveCfg = Release|Any CPU
		{F64539FA-9201-4E92-B55F-BDDE25538330}.Release|Any CPU.Build.0 = Release|Any CPU
	EndGlobalSection
	GlobalSection(SolutionProperties) = preSolution
		HideSolutionNode = FALSE
	EndGlobalSection
	GlobalSection(ExtensibilityGlobals) = postSolution
		SolutionGuid = {A9D57DF3-D40F-4214-892A-42F737E73439}
	EndGlobalSection
EndGlobal
