
Microsoft Visual Studio Solution File, Format Version 12.00
# Visual Studio Version 16
VisualStudioVersion = 16.0.31025.194
MinimumVisualStudioVersion = 10.0.40219.1
Project("{FAE04EC0-301F-11D3-BF4B-00C04F79EFBC}") = "CSVCodeChall", "CSVCodeChall\CSVCodeChall.csproj", "{68943CFA-7D5C-41C3-B00E-0F881B889FBB}"
EndProject
Global
	GlobalSection(SolutionConfigurationPlatforms) = preSolution
		Debug|Any CPU = Debug|Any CPU
		Release|Any CPU = Release|Any CPU
	EndGlobalSection
	GlobalSection(ProjectConfigurationPlatforms) = postSolution
		{68943CFA-7D5C-41C3-B00E-0F881B889FBB}.Debug|Any CPU.ActiveCfg = Debug|Any CPU
		{68943CFA-7D5C-41C3-B00E-0F881B889FBB}.Debug|Any CPU.Build.0 = Debug|Any CPU
		{68943CFA-7D5C-41C3-B00E-0F881B889FBB}.Release|Any CPU.ActiveCfg = Release|Any CPU
		{68943CFA-7D5C-41C3-B00E-0F881B889FBB}.Release|Any CPU.Build.0 = Release|Any CPU
	EndGlobalSection
	GlobalSection(SolutionProperties) = preSolution
		HideSolutionNode = FALSE
	EndGlobalSection
	GlobalSection(ExtensibilityGlobals) = postSolution
		SolutionGuid = {1DE6CA63-9FB9-4006-9E48-31312923B406}
	EndGlobalSection
EndGlobal
