
Microsoft Visual Studio Solution File, Format Version 12.00
# Visual Studio Version 16
VisualStudioVersion = 16.0.30225.117
MinimumVisualStudioVersion = 10.0.40219.1
Project("{FAE04EC0-301F-11D3-BF4B-00C04F79EFBC}") = "VariablesAndDataTypes", "VariablesAndDataTypes\VariablesAndDataTypes.csproj", "{AB7409E2-5794-4052-9862-6B612412740F}"
EndProject
Global
	GlobalSection(SolutionConfigurationPlatforms) = preSolution
		Debug|Any CPU = Debug|Any CPU
		Release|Any CPU = Release|Any CPU
	EndGlobalSection
	GlobalSection(ProjectConfigurationPlatforms) = postSolution
		{AB7409E2-5794-4052-9862-6B612412740F}.Debug|Any CPU.ActiveCfg = Debug|Any CPU
		{AB7409E2-5794-4052-9862-6B612412740F}.Debug|Any CPU.Build.0 = Debug|Any CPU
		{AB7409E2-5794-4052-9862-6B612412740F}.Release|Any CPU.ActiveCfg = Release|Any CPU
		{AB7409E2-5794-4052-9862-6B612412740F}.Release|Any CPU.Build.0 = Release|Any CPU
	EndGlobalSection
	GlobalSection(SolutionProperties) = preSolution
		HideSolutionNode = FALSE
	EndGlobalSection
	GlobalSection(ExtensibilityGlobals) = postSolution
		SolutionGuid = {1EB2B8B4-0A4B-4AF0-93FB-5B42941C3A5E}
	EndGlobalSection
EndGlobal
