
Microsoft Visual Studio Solution File, Format Version 12.00
# Visual Studio Version 16
VisualStudioVersion = 16.0.30225.117
MinimumVisualStudioVersion = 10.0.40219.1
Project("{FAE04EC0-301F-11D3-BF4B-00C04F79EFBC}") = "pg.255 generics", "pg.255 generics\pg.255 generics.csproj", "{AA01CB00-0B13-4A6B-A59F-83E9F0810785}"
EndProject
Global
	GlobalSection(SolutionConfigurationPlatforms) = preSolution
		Debug|Any CPU = Debug|Any CPU
		Release|Any CPU = Release|Any CPU
	EndGlobalSection
	GlobalSection(ProjectConfigurationPlatforms) = postSolution
		{AA01CB00-0B13-4A6B-A59F-83E9F0810785}.Debug|Any CPU.ActiveCfg = Debug|Any CPU
		{AA01CB00-0B13-4A6B-A59F-83E9F0810785}.Debug|Any CPU.Build.0 = Debug|Any CPU
		{AA01CB00-0B13-4A6B-A59F-83E9F0810785}.Release|Any CPU.ActiveCfg = Release|Any CPU
		{AA01CB00-0B13-4A6B-A59F-83E9F0810785}.Release|Any CPU.Build.0 = Release|Any CPU
	EndGlobalSection
	GlobalSection(SolutionProperties) = preSolution
		HideSolutionNode = FALSE
	EndGlobalSection
	GlobalSection(ExtensibilityGlobals) = postSolution
		SolutionGuid = {471969BD-220A-4881-82CC-73FEA74A9589}
	EndGlobalSection
EndGlobal
