
Microsoft Visual Studio Solution File, Format Version 12.00
# Visual Studio Version 16
VisualStudioVersion = 16.0.30225.117
MinimumVisualStudioVersion = 10.0.40219.1
Project("{FAE04EC0-301F-11D3-BF4B-00C04F79EFBC}") = "pg.214 error handling", "pg.214 error handling\pg.214 error handling.csproj", "{057776BD-47B2-4D76-9A78-3CCE753C4E2E}"
EndProject
Global
	GlobalSection(SolutionConfigurationPlatforms) = preSolution
		Debug|Any CPU = Debug|Any CPU
		Release|Any CPU = Release|Any CPU
	EndGlobalSection
	GlobalSection(ProjectConfigurationPlatforms) = postSolution
		{057776BD-47B2-4D76-9A78-3CCE753C4E2E}.Debug|Any CPU.ActiveCfg = Debug|Any CPU
		{057776BD-47B2-4D76-9A78-3CCE753C4E2E}.Debug|Any CPU.Build.0 = Debug|Any CPU
		{057776BD-47B2-4D76-9A78-3CCE753C4E2E}.Release|Any CPU.ActiveCfg = Release|Any CPU
		{057776BD-47B2-4D76-9A78-3CCE753C4E2E}.Release|Any CPU.Build.0 = Release|Any CPU
	EndGlobalSection
	GlobalSection(SolutionProperties) = preSolution
		HideSolutionNode = FALSE
	EndGlobalSection
	GlobalSection(ExtensibilityGlobals) = postSolution
		SolutionGuid = {6A52BC9A-1327-4C1B-BAB6-0947FDAAB67C}
	EndGlobalSection
EndGlobal
